
Microsoft Visual Studio Solution File, Format Version 12.00
# Visual Studio Version 16
VisualStudioVersion = 16.0.29102.190
MinimumVisualStudioVersion = 10.0.40219.1
Project("{FAE04EC0-301F-11D3-BF4B-00C04F79EFBC}") = "Toto.CineOrg.DomainModel", "src\Toto.CineOrg.DomainModel\Toto.CineOrg.DomainModel.csproj", "{F360398E-FA97-460C-927C-961F8839D87E}"
EndProject
Project("{FAE04EC0-301F-11D3-BF4B-00C04F79EFBC}") = "Toto.Utilities.Extensions", "src\Toto.Utilities.Extensions\Toto.Utilities.Extensions.csproj", "{792CED17-AAEC-4CFE-B13E-D333991BE32F}"
EndProject
Project("{FAE04EC0-301F-11D3-BF4B-00C04F79EFBC}") = "Toto.CineOrg.ServiceModel", "src\Toto.CineOrg.ServiceModel\Toto.CineOrg.ServiceModel.csproj", "{0BE028A6-FDC8-4B44-9A98-0D896D4016B2}"
EndProject
Project("{FAE04EC0-301F-11D3-BF4B-00C04F79EFBC}") = "Toto.CineOrg.Persistence", "src\Toto.CineOrg.Persistence\Toto.CineOrg.Persistence.csproj", "{6F6AC249-A7D3-4E1C-9B81-9AF36771C250}"
EndProject
Project("{FAE04EC0-301F-11D3-BF4B-00C04F79EFBC}") = "Toto.CineOrg.WebApi", "src\Toto.CineOrg.WebApi\Toto.CineOrg.WebApi.csproj", "{E891F4FB-AB37-469C-8D01-65D9CEE75027}"
EndProject
Project("{2150E333-8FDC-42A3-9474-1A3956D46DE8}") = "src", "src", "{2C53842D-E818-4154-AAB4-8936D91A6F50}"
EndProject
Project("{2150E333-8FDC-42A3-9474-1A3956D46DE8}") = "tests", "tests", "{E4C03AAE-92BE-4E29-8AA1-A296F40DDBFD}"
EndProject
Project("{FAE04EC0-301F-11D3-BF4B-00C04F79EFBC}") = "Toto.CineOrg.WebApi.IntegrationTests", "tests\Toto.CineOrg.WebApi.IntegrationTests\Toto.CineOrg.WebApi.IntegrationTests.csproj", "{6FBA194D-DFCA-4CE7-84FE-3109AFAD002D}"
EndProject
Project("{FAE04EC0-301F-11D3-BF4B-00C04F79EFBC}") = "Toto.CineOrg.DomainModel.Tests", "tests\Toto.CineOrg.DomainModel.Tests\Toto.CineOrg.DomainModel.Tests.csproj", "{810D79C2-5ECB-4BCF-81C7-D7A648F58666}"
EndProject
Project("{FAE04EC0-301F-11D3-BF4B-00C04F79EFBC}") = "Toto.Utilities.Exceptions", "src\Toto.Utilities.Exceptions\Toto.Utilities.Exceptions.csproj", "{CD0D8736-DE13-4D15-968F-64B977E7E0ED}"
EndProject
Project("{FAE04EC0-301F-11D3-BF4B-00C04F79EFBC}") = "Toto.Utilities.Extensions.Tests", "tests\Toto.Utilities.Extensions.Tests\Toto.Utilities.Extensions.Tests.csproj", "{DAE30125-F2B6-4A5F-99B1-4C882336C6FF}"
EndProject
Project("{FAE04EC0-301F-11D3-BF4B-00C04F79EFBC}") = "Toto.Utilities.RuntimeExtensions", "src\Toto.Utilities.RuntimeExtensions\Toto.Utilities.RuntimeExtensions.csproj", "{D338A2D4-8FF7-45BE-B600-F66D6773A8DA}"
EndProject
Project("{FAE04EC0-301F-11D3-BF4B-00C04F79EFBC}") = "Toto.Utilities.EntityFrameworkCore", "src\Toto.Utilities.EntityFrameworkCore\Toto.Utilities.EntityFrameworkCore.csproj", "{2A15CADD-EE0E-4FB1-B16A-5EE46BAA2C15}"
EndProject
Project("{FAE04EC0-301F-11D3-BF4B-00C04F79EFBC}") = "Toto.CineOrg.ServiceModel.Validation", "src\Toto.CineOrg.ServiceModel.Validation\Toto.CineOrg.ServiceModel.Validation.csproj", "{5581A43D-16D5-4A5E-BBB8-6C39B5BBF610}"
EndProject
Project("{FAE04EC0-301F-11D3-BF4B-00C04F79EFBC}") = "Toto.CineOrg.ServiceModel.Validation.Tests", "tests\Toto.CineOrg.ServiceModel.Validation.Tests\Toto.CineOrg.ServiceModel.Validation.Tests.csproj", "{0AD95B57-651D-40EC-B9D2-DEC6F61F1AD5}"
EndProject
Project("{FAE04EC0-301F-11D3-BF4B-00C04F79EFBC}") = "Toto.CineOrg.TestFramework", "tests\Toto.CineOrg.TestFramework\Toto.CineOrg.TestFramework.csproj", "{7948C91D-68B8-45B2-ABD1-458AFB4E3DC5}"
EndProject
Project("{FAE04EC0-301F-11D3-BF4B-00C04F79EFBC}") = "Toto.Utilities.Cqrs", "src\Toto.Utilities.Cqrs\Toto.Utilities.Cqrs.csproj", "{695E7C1D-B875-4592-8622-C52EA02ED2B5}"
EndProject
Project("{FAE04EC0-301F-11D3-BF4B-00C04F79EFBC}") = "Toto.CineOrg.Commands", "src\Toto.CineOrg.Commands\Toto.CineOrg.Commands.csproj", "{434D7D5E-0E1B-4A8A-A5FD-DB48BA96D34D}"
EndProject
Project("{FAE04EC0-301F-11D3-BF4B-00C04F79EFBC}") = "Toto.CineOrg.Queries", "src\Toto.CineOrg.Queries\Toto.CineOrg.Queries.csproj", "{73AAA4E3-ADE0-4B51-B5F6-A48CDE336296}"
EndProject
Project("{FAE04EC0-301F-11D3-BF4B-00C04F79EFBC}") = "Toto.Utilities.Cqrs.AspNetCore", "src\Toto.Utilities.Cqrs.AspNetCore\Toto.Utilities.Cqrs.AspNetCore.csproj", "{13CE9566-6BF5-40A2-9856-DD868933B24D}"
EndProject
Project("{FAE04EC0-301F-11D3-BF4B-00C04F79EFBC}") = "Toto.CineOrg.GraphQLApi", "src\Toto.CineOrg.GraphQLApi\Toto.CineOrg.GraphQLApi.csproj", "{02FD7B0A-AD27-4B20-837A-0AC266E5336F}"
EndProject
Project("{FAE04EC0-301F-11D3-BF4B-00C04F79EFBC}") = "Toto.Utilities.Hosting", "src\Toto.Utilities.Hosting\Toto.Utilities.Hosting.csproj", "{025E2BC8-7DC0-43FD-B80D-C34D9EE3FC9B}"
EndProject
Project("{FAE04EC0-301F-11D3-BF4B-00C04F79EFBC}") = "Toto.CineOrg.GraphQLApi.IntegrationTests", "tests\Toto.CineOrg.GraphQLApi.IntegrationTests\Toto.CineOrg.GraphQLApi.IntegrationTests.csproj", "{CA05865E-8E1E-4BD4-8EC9-2ADFA5FE6543}"
EndProject
Project("{FAE04EC0-301F-11D3-BF4B-00C04F79EFBC}") = "Toto.CineOrg.Hosting", "src\Toto.CineOrg.Hosting\Toto.CineOrg.Hosting.csproj", "{E549AD9F-13D1-4AD9-89BA-4437EA2440AF}"
EndProject
Project("{FAE04EC0-301F-11D3-BF4B-00C04F79EFBC}") = "Toto.CineOrg.Commands.Validation", "src\Toto.CineOrg.Commands.Validation\Toto.CineOrg.Commands.Validation.csproj", "{8099101B-0F57-4B54-A826-9CAB53D75C46}"
EndProject
Project("{2150E333-8FDC-42A3-9474-1A3956D46DE8}") = "tools", "tools", "{7AF93473-2118-4138-AD96-CF0A0F6D849C}"
EndProject
Project("{FAE04EC0-301F-11D3-BF4B-00C04F79EFBC}") = "SeqClient", "SeqClient\SeqClient.csproj", "{2020B9FB-760B-4AA7-A5F6-679E13934CAA}"
EndProject
Global
	GlobalSection(SolutionConfigurationPlatforms) = preSolution
		Debug|Any CPU = Debug|Any CPU
		Release|Any CPU = Release|Any CPU
	EndGlobalSection
	GlobalSection(ProjectConfigurationPlatforms) = postSolution
		{F360398E-FA97-460C-927C-961F8839D87E}.Debug|Any CPU.ActiveCfg = Debug|Any CPU
		{F360398E-FA97-460C-927C-961F8839D87E}.Debug|Any CPU.Build.0 = Debug|Any CPU
		{F360398E-FA97-460C-927C-961F8839D87E}.Release|Any CPU.ActiveCfg = Release|Any CPU
		{F360398E-FA97-460C-927C-961F8839D87E}.Release|Any CPU.Build.0 = Release|Any CPU
		{792CED17-AAEC-4CFE-B13E-D333991BE32F}.Debug|Any CPU.ActiveCfg = Debug|Any CPU
		{792CED17-AAEC-4CFE-B13E-D333991BE32F}.Debug|Any CPU.Build.0 = Debug|Any CPU
		{792CED17-AAEC-4CFE-B13E-D333991BE32F}.Release|Any CPU.ActiveCfg = Release|Any CPU
		{792CED17-AAEC-4CFE-B13E-D333991BE32F}.Release|Any CPU.Build.0 = Release|Any CPU
		{0BE028A6-FDC8-4B44-9A98-0D896D4016B2}.Debug|Any CPU.ActiveCfg = Debug|Any CPU
		{0BE028A6-FDC8-4B44-9A98-0D896D4016B2}.Debug|Any CPU.Build.0 = Debug|Any CPU
		{0BE028A6-FDC8-4B44-9A98-0D896D4016B2}.Release|Any CPU.ActiveCfg = Release|Any CPU
		{0BE028A6-FDC8-4B44-9A98-0D896D4016B2}.Release|Any CPU.Build.0 = Release|Any CPU
		{6F6AC249-A7D3-4E1C-9B81-9AF36771C250}.Debug|Any CPU.ActiveCfg = Debug|Any CPU
		{6F6AC249-A7D3-4E1C-9B81-9AF36771C250}.Debug|Any CPU.Build.0 = Debug|Any CPU
		{6F6AC249-A7D3-4E1C-9B81-9AF36771C250}.Release|Any CPU.ActiveCfg = Release|Any CPU
		{6F6AC249-A7D3-4E1C-9B81-9AF36771C250}.Release|Any CPU.Build.0 = Release|Any CPU
		{E891F4FB-AB37-469C-8D01-65D9CEE75027}.Debug|Any CPU.ActiveCfg = Debug|Any CPU
		{E891F4FB-AB37-469C-8D01-65D9CEE75027}.Debug|Any CPU.Build.0 = Debug|Any CPU
		{E891F4FB-AB37-469C-8D01-65D9CEE75027}.Release|Any CPU.ActiveCfg = Release|Any CPU
		{E891F4FB-AB37-469C-8D01-65D9CEE75027}.Release|Any CPU.Build.0 = Release|Any CPU
		{6FBA194D-DFCA-4CE7-84FE-3109AFAD002D}.Debug|Any CPU.ActiveCfg = Debug|Any CPU
		{6FBA194D-DFCA-4CE7-84FE-3109AFAD002D}.Debug|Any CPU.Build.0 = Debug|Any CPU
		{6FBA194D-DFCA-4CE7-84FE-3109AFAD002D}.Release|Any CPU.ActiveCfg = Release|Any CPU
		{6FBA194D-DFCA-4CE7-84FE-3109AFAD002D}.Release|Any CPU.Build.0 = Release|Any CPU
		{810D79C2-5ECB-4BCF-81C7-D7A648F58666}.Debug|Any CPU.ActiveCfg = Debug|Any CPU
		{810D79C2-5ECB-4BCF-81C7-D7A648F58666}.Debug|Any CPU.Build.0 = Debug|Any CPU
		{810D79C2-5ECB-4BCF-81C7-D7A648F58666}.Release|Any CPU.ActiveCfg = Release|Any CPU
		{810D79C2-5ECB-4BCF-81C7-D7A648F58666}.Release|Any CPU.Build.0 = Release|Any CPU
		{CD0D8736-DE13-4D15-968F-64B977E7E0ED}.Debug|Any CPU.ActiveCfg = Debug|Any CPU
		{CD0D8736-DE13-4D15-968F-64B977E7E0ED}.Debug|Any CPU.Build.0 = Debug|Any CPU
		{CD0D8736-DE13-4D15-968F-64B977E7E0ED}.Release|Any CPU.ActiveCfg = Release|Any CPU
		{CD0D8736-DE13-4D15-968F-64B977E7E0ED}.Release|Any CPU.Build.0 = Release|Any CPU
		{DAE30125-F2B6-4A5F-99B1-4C882336C6FF}.Debug|Any CPU.ActiveCfg = Debug|Any CPU
		{DAE30125-F2B6-4A5F-99B1-4C882336C6FF}.Debug|Any CPU.Build.0 = Debug|Any CPU
		{DAE30125-F2B6-4A5F-99B1-4C882336C6FF}.Release|Any CPU.ActiveCfg = Release|Any CPU
		{DAE30125-F2B6-4A5F-99B1-4C882336C6FF}.Release|Any CPU.Build.0 = Release|Any CPU
		{D338A2D4-8FF7-45BE-B600-F66D6773A8DA}.Debug|Any CPU.ActiveCfg = Debug|Any CPU
		{D338A2D4-8FF7-45BE-B600-F66D6773A8DA}.Debug|Any CPU.Build.0 = Debug|Any CPU
		{D338A2D4-8FF7-45BE-B600-F66D6773A8DA}.Release|Any CPU.ActiveCfg = Release|Any CPU
		{D338A2D4-8FF7-45BE-B600-F66D6773A8DA}.Release|Any CPU.Build.0 = Release|Any CPU
		{2A15CADD-EE0E-4FB1-B16A-5EE46BAA2C15}.Debug|Any CPU.ActiveCfg = Debug|Any CPU
		{2A15CADD-EE0E-4FB1-B16A-5EE46BAA2C15}.Debug|Any CPU.Build.0 = Debug|Any CPU
		{2A15CADD-EE0E-4FB1-B16A-5EE46BAA2C15}.Release|Any CPU.ActiveCfg = Release|Any CPU
		{2A15CADD-EE0E-4FB1-B16A-5EE46BAA2C15}.Release|Any CPU.Build.0 = Release|Any CPU
		{5581A43D-16D5-4A5E-BBB8-6C39B5BBF610}.Debug|Any CPU.ActiveCfg = Debug|Any CPU
		{5581A43D-16D5-4A5E-BBB8-6C39B5BBF610}.Debug|Any CPU.Build.0 = Debug|Any CPU
		{5581A43D-16D5-4A5E-BBB8-6C39B5BBF610}.Release|Any CPU.ActiveCfg = Release|Any CPU
		{5581A43D-16D5-4A5E-BBB8-6C39B5BBF610}.Release|Any CPU.Build.0 = Release|Any CPU
		{0AD95B57-651D-40EC-B9D2-DEC6F61F1AD5}.Debug|Any CPU.ActiveCfg = Debug|Any CPU
		{0AD95B57-651D-40EC-B9D2-DEC6F61F1AD5}.Debug|Any CPU.Build.0 = Debug|Any CPU
		{0AD95B57-651D-40EC-B9D2-DEC6F61F1AD5}.Release|Any CPU.ActiveCfg = Release|Any CPU
		{0AD95B57-651D-40EC-B9D2-DEC6F61F1AD5}.Release|Any CPU.Build.0 = Release|Any CPU
		{7948C91D-68B8-45B2-ABD1-458AFB4E3DC5}.Debug|Any CPU.ActiveCfg = Debug|Any CPU
		{7948C91D-68B8-45B2-ABD1-458AFB4E3DC5}.Debug|Any CPU.Build.0 = Debug|Any CPU
		{7948C91D-68B8-45B2-ABD1-458AFB4E3DC5}.Release|Any CPU.ActiveCfg = Release|Any CPU
		{7948C91D-68B8-45B2-ABD1-458AFB4E3DC5}.Release|Any CPU.Build.0 = Release|Any CPU
		{695E7C1D-B875-4592-8622-C52EA02ED2B5}.Debug|Any CPU.ActiveCfg = Debug|Any CPU
		{695E7C1D-B875-4592-8622-C52EA02ED2B5}.Debug|Any CPU.Build.0 = Debug|Any CPU
		{695E7C1D-B875-4592-8622-C52EA02ED2B5}.Release|Any CPU.ActiveCfg = Release|Any CPU
		{695E7C1D-B875-4592-8622-C52EA02ED2B5}.Release|Any CPU.Build.0 = Release|Any CPU
		{434D7D5E-0E1B-4A8A-A5FD-DB48BA96D34D}.Debug|Any CPU.ActiveCfg = Debug|Any CPU
		{434D7D5E-0E1B-4A8A-A5FD-DB48BA96D34D}.Debug|Any CPU.Build.0 = Debug|Any CPU
		{434D7D5E-0E1B-4A8A-A5FD-DB48BA96D34D}.Release|Any CPU.ActiveCfg = Release|Any CPU
		{434D7D5E-0E1B-4A8A-A5FD-DB48BA96D34D}.Release|Any CPU.Build.0 = Release|Any CPU
		{73AAA4E3-ADE0-4B51-B5F6-A48CDE336296}.Debug|Any CPU.ActiveCfg = Debug|Any CPU
		{73AAA4E3-ADE0-4B51-B5F6-A48CDE336296}.Debug|Any CPU.Build.0 = Debug|Any CPU
		{73AAA4E3-ADE0-4B51-B5F6-A48CDE336296}.Release|Any CPU.ActiveCfg = Release|Any CPU
		{73AAA4E3-ADE0-4B51-B5F6-A48CDE336296}.Release|Any CPU.Build.0 = Release|Any CPU
		{13CE9566-6BF5-40A2-9856-DD868933B24D}.Debug|Any CPU.ActiveCfg = Debug|Any CPU
		{13CE9566-6BF5-40A2-9856-DD868933B24D}.Debug|Any CPU.Build.0 = Debug|Any CPU
		{13CE9566-6BF5-40A2-9856-DD868933B24D}.Release|Any CPU.ActiveCfg = Release|Any CPU
		{13CE9566-6BF5-40A2-9856-DD868933B24D}.Release|Any CPU.Build.0 = Release|Any CPU
		{02FD7B0A-AD27-4B20-837A-0AC266E5336F}.Debug|Any CPU.ActiveCfg = Debug|Any CPU
		{02FD7B0A-AD27-4B20-837A-0AC266E5336F}.Debug|Any CPU.Build.0 = Debug|Any CPU
		{02FD7B0A-AD27-4B20-837A-0AC266E5336F}.Release|Any CPU.ActiveCfg = Release|Any CPU
		{02FD7B0A-AD27-4B20-837A-0AC266E5336F}.Release|Any CPU.Build.0 = Release|Any CPU
		{025E2BC8-7DC0-43FD-B80D-C34D9EE3FC9B}.Debug|Any CPU.ActiveCfg = Debug|Any CPU
		{025E2BC8-7DC0-43FD-B80D-C34D9EE3FC9B}.Debug|Any CPU.Build.0 = Debug|Any CPU
		{025E2BC8-7DC0-43FD-B80D-C34D9EE3FC9B}.Release|Any CPU.ActiveCfg = Release|Any CPU
		{025E2BC8-7DC0-43FD-B80D-C34D9EE3FC9B}.Release|Any CPU.Build.0 = Release|Any CPU
		{CA05865E-8E1E-4BD4-8EC9-2ADFA5FE6543}.Debug|Any CPU.ActiveCfg = Debug|Any CPU
		{CA05865E-8E1E-4BD4-8EC9-2ADFA5FE6543}.Debug|Any CPU.Build.0 = Debug|Any CPU
		{CA05865E-8E1E-4BD4-8EC9-2ADFA5FE6543}.Release|Any CPU.ActiveCfg = Release|Any CPU
		{CA05865E-8E1E-4BD4-8EC9-2ADFA5FE6543}.Release|Any CPU.Build.0 = Release|Any CPU
		{E549AD9F-13D1-4AD9-89BA-4437EA2440AF}.Debug|Any CPU.ActiveCfg = Debug|Any CPU
		{E549AD9F-13D1-4AD9-89BA-4437EA2440AF}.Debug|Any CPU.Build.0 = Debug|Any CPU
		{E549AD9F-13D1-4AD9-89BA-4437EA2440AF}.Release|Any CPU.ActiveCfg = Release|Any CPU
		{E549AD9F-13D1-4AD9-89BA-4437EA2440AF}.Release|Any CPU.Build.0 = Release|Any CPU
		{8099101B-0F57-4B54-A826-9CAB53D75C46}.Debug|Any CPU.ActiveCfg = Debug|Any CPU
		{8099101B-0F57-4B54-A826-9CAB53D75C46}.Debug|Any CPU.Build.0 = Debug|Any CPU
		{8099101B-0F57-4B54-A826-9CAB53D75C46}.Release|Any CPU.ActiveCfg = Release|Any CPU
		{8099101B-0F57-4B54-A826-9CAB53D75C46}.Release|Any CPU.Build.0 = Release|Any CPU
		{2020B9FB-760B-4AA7-A5F6-679E13934CAA}.Debug|Any CPU.ActiveCfg = Debug|Any CPU
		{2020B9FB-760B-4AA7-A5F6-679E13934CAA}.Debug|Any CPU.Build.0 = Debug|Any CPU
		{2020B9FB-760B-4AA7-A5F6-679E13934CAA}.Release|Any CPU.ActiveCfg = Release|Any CPU
		{2020B9FB-760B-4AA7-A5F6-679E13934CAA}.Release|Any CPU.Build.0 = Release|Any CPU
	EndGlobalSection
	GlobalSection(SolutionProperties) = preSolution
		HideSolutionNode = FALSE
	EndGlobalSection
	GlobalSection(ExtensibilityGlobals) = postSolution
		SolutionGuid = {641656C2-3493-4AC2-99BC-131042AF9055}
	EndGlobalSection
	GlobalSection(NestedProjects) = preSolution
		{F360398E-FA97-460C-927C-961F8839D87E} = {2C53842D-E818-4154-AAB4-8936D91A6F50}
		{6F6AC249-A7D3-4E1C-9B81-9AF36771C250} = {2C53842D-E818-4154-AAB4-8936D91A6F50}
		{0BE028A6-FDC8-4B44-9A98-0D896D4016B2} = {2C53842D-E818-4154-AAB4-8936D91A6F50}
		{E891F4FB-AB37-469C-8D01-65D9CEE75027} = {2C53842D-E818-4154-AAB4-8936D91A6F50}
		{792CED17-AAEC-4CFE-B13E-D333991BE32F} = {2C53842D-E818-4154-AAB4-8936D91A6F50}
		{6FBA194D-DFCA-4CE7-84FE-3109AFAD002D} = {E4C03AAE-92BE-4E29-8AA1-A296F40DDBFD}
		{810D79C2-5ECB-4BCF-81C7-D7A648F58666} = {E4C03AAE-92BE-4E29-8AA1-A296F40DDBFD}
		{CD0D8736-DE13-4D15-968F-64B977E7E0ED} = {2C53842D-E818-4154-AAB4-8936D91A6F50}
		{DAE30125-F2B6-4A5F-99B1-4C882336C6FF} = {E4C03AAE-92BE-4E29-8AA1-A296F40DDBFD}
		{D338A2D4-8FF7-45BE-B600-F66D6773A8DA} = {2C53842D-E818-4154-AAB4-8936D91A6F50}
		{2A15CADD-EE0E-4FB1-B16A-5EE46BAA2C15} = {2C53842D-E818-4154-AAB4-8936D91A6F50}
		{5581A43D-16D5-4A5E-BBB8-6C39B5BBF610} = {2C53842D-E818-4154-AAB4-8936D91A6F50}
		{0AD95B57-651D-40EC-B9D2-DEC6F61F1AD5} = {E4C03AAE-92BE-4E29-8AA1-A296F40DDBFD}
		{7948C91D-68B8-45B2-ABD1-458AFB4E3DC5} = {E4C03AAE-92BE-4E29-8AA1-A296F40DDBFD}
		{695E7C1D-B875-4592-8622-C52EA02ED2B5} = {2C53842D-E818-4154-AAB4-8936D91A6F50}
		{434D7D5E-0E1B-4A8A-A5FD-DB48BA96D34D} = {2C53842D-E818-4154-AAB4-8936D91A6F50}
		{73AAA4E3-ADE0-4B51-B5F6-A48CDE336296} = {2C53842D-E818-4154-AAB4-8936D91A6F50}
		{13CE9566-6BF5-40A2-9856-DD868933B24D} = {2C53842D-E818-4154-AAB4-8936D91A6F50}
		{02FD7B0A-AD27-4B20-837A-0AC266E5336F} = {2C53842D-E818-4154-AAB4-8936D91A6F50}
		{025E2BC8-7DC0-43FD-B80D-C34D9EE3FC9B} = {2C53842D-E818-4154-AAB4-8936D91A6F50}
		{CA05865E-8E1E-4BD4-8EC9-2ADFA5FE6543} = {E4C03AAE-92BE-4E29-8AA1-A296F40DDBFD}
		{E549AD9F-13D1-4AD9-89BA-4437EA2440AF} = {2C53842D-E818-4154-AAB4-8936D91A6F50}
		{8099101B-0F57-4B54-A826-9CAB53D75C46} = {2C53842D-E818-4154-AAB4-8936D91A6F50}
		{2020B9FB-760B-4AA7-A5F6-679E13934CAA} = {7AF93473-2118-4138-AD96-CF0A0F6D849C}
	EndGlobalSection
EndGlobal
